// !$*UTF8*$!
{
	archiveVersion = 1;
	classes = {
	};
	objectVersion = 56;
	objects = {

/* Begin PBXBuildFile section */
		B170B1C22C9973A000EF55AF /* MarkdownUI2.swift in Sources */ = {isa = PBXBuildFile; fileRef = B170B1C12C9973A000EF55AF /* MarkdownUI2.swift */; };
		B18C05E42C9ACE9400882E44 /* Datas.swift in Sources */ = {isa = PBXBuildFile; fileRef = B18C05E32C9ACE9400882E44 /* Datas.swift */; };
		B18D3BDA2C9D5BCE00FEED8C /* SearchView.swift in Sources */ = {isa = PBXBuildFile; fileRef = B18D3BD92C9D5BCE00FEED8C /* SearchView.swift */; };
		B1944C4D2C9BF1F500A37A05 /* sf_symbols_1.png in Resources */ = {isa = PBXBuildFile; fileRef = B1944C292C9BF1F300A37A05 /* sf_symbols_1.png */; };
		B1944C4E2C9BF1F500A37A05 /* multiplatfom_app_1.png in Resources */ = {isa = PBXBuildFile; fileRef = B1944C2A2C9BF1F300A37A05 /* multiplatfom_app_1.png */; };
		B1944C4F2C9BF1F500A37A05 /* drop_first.png in Resources */ = {isa = PBXBuildFile; fileRef = B1944C2B2C9BF1F300A37A05 /* drop_first.png */; };
		B1944C502C9BF1F500A37A05 /* combine_latest.png in Resources */ = {isa = PBXBuildFile; fileRef = B1944C2C2C9BF1F300A37A05 /* combine_latest.png */; };
		B1944C512C9BF1F500A37A05 /* subscribe.png in Resources */ = {isa = PBXBuildFile; fileRef = B1944C2D2C9BF1F300A37A05 /* subscribe.png */; };
		B1944C522C9BF1F500A37A05 /* inspector_placement.png in Resources */ = {isa = PBXBuildFile; fileRef = B1944C2E2C9BF1F300A37A05 /* inspector_placement.png */; };
		B1944C532C9BF1F500A37A05 /* connectablePublisher_1.png in Resources */ = {isa = PBXBuildFile; fileRef = B1944C2F2C9BF1F400A37A05 /* connectablePublisher_1.png */; };
		B1944C542C9BF1F500A37A05 /* connectablePublisher_2.png in Resources */ = {isa = PBXBuildFile; fileRef = B1944C302C9BF1F400A37A05 /* connectablePublisher_2.png */; };
		B1944C552C9BF1F500A37A05 /* concurrency_diff.png in Resources */ = {isa = PBXBuildFile; fileRef = B1944C312C9BF1F400A37A05 /* concurrency_diff.png */; };
		B1944C562C9BF1F500A37A05 /* publisher_subscriber.png in Resources */ = {isa = PBXBuildFile; fileRef = B1944C322C9BF1F400A37A05 /* publisher_subscriber.png */; };
		B1944C572C9BF1F500A37A05 /* remove_duplicates.png in Resources */ = {isa = PBXBuildFile; fileRef = B1944C332C9BF1F400A37A05 /* remove_duplicates.png */; };
		B1944C582C9BF1F500A37A05 /* debounce.png in Resources */ = {isa = PBXBuildFile; fileRef = B1944C342C9BF1F400A37A05 /* debounce.png */; };
		B1944C592C9BF1F500A37A05 /* stacks_1.png in Resources */ = {isa = PBXBuildFile; fileRef = B1944C352C9BF1F400A37A05 /* stacks_1.png */; };
		B1944C5A2C9BF1F500A37A05 /* count.png in Resources */ = {isa = PBXBuildFile; fileRef = B1944C362C9BF1F400A37A05 /* count.png */; };
		B1944C5B2C9BF1F500A37A05 /* replace_nil.png in Resources */ = {isa = PBXBuildFile; fileRef = B1944C372C9BF1F400A37A05 /* replace_nil.png */; };
		B1944C5C2C9BF1F500A37A05 /* try_map.png in Resources */ = {isa = PBXBuildFile; fileRef = B1944C382C9BF1F400A37A05 /* try_map.png */; };
		B1944C5D2C9BF1F500A37A05 /* multiplatfom_app_2.png in Resources */ = {isa = PBXBuildFile; fileRef = B1944C392C9BF1F400A37A05 /* multiplatfom_app_2.png */; };
		B1944C5E2C9BF1F500A37A05 /* async_let.png in Resources */ = {isa = PBXBuildFile; fileRef = B1944C3A2C9BF1F400A37A05 /* async_let.png */; };
		B1944C5F2C9BF1F500A37A05 /* contains.png in Resources */ = {isa = PBXBuildFile; fileRef = B1944C3B2C9BF1F400A37A05 /* contains.png */; };
		B1944C602C9BF1F500A37A05 /* refactor_to_async.png in Resources */ = {isa = PBXBuildFile; fileRef = B1944C3C2C9BF1F400A37A05 /* refactor_to_async.png */; };
		B1944C612C9BF1F500A37A05 /* scene_1.png in Resources */ = {isa = PBXBuildFile; fileRef = B1944C3D2C9BF1F400A37A05 /* scene_1.png */; };
		B1944C622C9BF1F500A37A05 /* macro-roles.png in Resources */ = {isa = PBXBuildFile; fileRef = B1944C3E2C9BF1F400A37A05 /* macro-roles.png */; };
		B1944C632C9BF1F500A37A05 /* map.png in Resources */ = {isa = PBXBuildFile; fileRef = B1944C3F2C9BF1F400A37A05 /* map.png */; };
		B1944C642C9BF1F500A37A05 /* drop_until_output_from.png in Resources */ = {isa = PBXBuildFile; fileRef = B1944C402C9BF1F400A37A05 /* drop_until_output_from.png */; };
		B1944C652C9BF1F500A37A05 /* first.png in Resources */ = {isa = PBXBuildFile; fileRef = B1944C412C9BF1F400A37A05 /* first.png */; };
		B1944C662C9BF1F500A37A05 /* merge.png in Resources */ = {isa = PBXBuildFile; fileRef = B1944C422C9BF1F400A37A05 /* merge.png */; };
		B1944C672C9BF1F500A37A05 /* actor.png in Resources */ = {isa = PBXBuildFile; fileRef = B1944C432C9BF1F400A37A05 /* actor.png */; };
		B1944C682C9BF1F500A37A05 /* scene_2.png in Resources */ = {isa = PBXBuildFile; fileRef = B1944C442C9BF1F400A37A05 /* scene_2.png */; };
		B1944C692C9BF1F500A37A05 /* throttle.png in Resources */ = {isa = PBXBuildFile; fileRef = B1944C452C9BF1F400A37A05 /* throttle.png */; };
		B1944C6A2C9BF1F500A37A05 /* reduce.png in Resources */ = {isa = PBXBuildFile; fileRef = B1944C462C9BF1F400A37A05 /* reduce.png */; };
		B1944C6B2C9BF1F500A37A05 /* zip.png in Resources */ = {isa = PBXBuildFile; fileRef = B1944C472C9BF1F400A37A05 /* zip.png */; };
		B1944C6C2C9BF1F500A37A05 /* multiplatfom_app_3.png in Resources */ = {isa = PBXBuildFile; fileRef = B1944C482C9BF1F400A37A05 /* multiplatfom_app_3.png */; };
		B1944C6D2C9BF1F500A37A05 /* async_await.png in Resources */ = {isa = PBXBuildFile; fileRef = B1944C492C9BF1F500A37A05 /* async_await.png */; };
		B1944C6E2C9BF1F500A37A05 /* max.png in Resources */ = {isa = PBXBuildFile; fileRef = B1944C4A2C9BF1F500A37A05 /* max.png */; };
		B1944C6F2C9BF1F500A37A05 /* drop_first_2.png in Resources */ = {isa = PBXBuildFile; fileRef = B1944C4B2C9BF1F500A37A05 /* drop_first_2.png */; };
		B1944C702C9BF1F500A37A05 /* scene_3.png in Resources */ = {isa = PBXBuildFile; fileRef = B1944C4C2C9BF1F500A37A05 /* scene_3.png */; };
		B19965CA2C96D7C300965D41 /* SamplesView.swift in Sources */ = {isa = PBXBuildFile; fileRef = B19965C92C96D7C300965D41 /* SamplesView.swift */; };
		B19965CE2C96E59700965D41 /* SampleView.swift in Sources */ = {isa = PBXBuildFile; fileRef = B19965CD2C96E59700965D41 /* SampleView.swift */; };
		B199664D2C97157200965D41 /* SampleText.swift in Sources */ = {isa = PBXBuildFile; fileRef = B19966002C97156D00965D41 /* SampleText.swift */; };
		B19966AF2C9719FA00965D41 /* 1.3.6 列表（List）.md in Resources */ = {isa = PBXBuildFile; fileRef = B199666A2C9719F400965D41 /* 1.3.6 列表（List）.md */; };
		B19966B02C9719FA00965D41 /* 1.3.2 堆叠（Stacks）.md in Resources */ = {isa = PBXBuildFile; fileRef = B199666B2C9719F400965D41 /* 1.3.2 堆叠（Stacks）.md */; };
		B19966B12C9719FA00965D41 /* 2.1.1 Swift 并发新体验.md in Resources */ = {isa = PBXBuildFile; fileRef = B199666C2C9719F400965D41 /* 2.1.1 Swift 并发新体验.md */; };
		B19966B22C9719FA00965D41 /* 1.1.3.0 TabView 的使用.md in Resources */ = {isa = PBXBuildFile; fileRef = B199666D2C9719F400965D41 /* 1.1.3.0 TabView 的使用.md */; };
		B19966B32C9719FA00965D41 /* 1.4.1 形状（Shapes）的使用.md in Resources */ = {isa = PBXBuildFile; fileRef = B199666E2C9719F500965D41 /* 1.4.1 形状（Shapes）的使用.md */; };
		B19966B42C9719FA00965D41 /* 1.4.6 动画原理.md in Resources */ = {isa = PBXBuildFile; fileRef = B199666F2C9719F500965D41 /* 1.4.6 动画原理.md */; };
		B19966B52C9719FA00965D41 /* 1.1.1 App 入口与配置.md in Resources */ = {isa = PBXBuildFile; fileRef = B19966702C9719F500965D41 /* 1.1.1 App 入口与配置.md */; };
		B19966B62C9719FA00965D41 /* 1.2.6 视图生命周期方法.md in Resources */ = {isa = PBXBuildFile; fileRef = B19966712C9719F500965D41 /* 1.2.6 视图生命周期方法.md */; };
		B19966B72C9719FA00965D41 /* 1.1.3 SwiftUI 中的场景.md in Resources */ = {isa = PBXBuildFile; fileRef = B19966722C9719F500965D41 /* 1.1.3 SwiftUI 中的场景.md */; };
		B19966B82C9719FA00965D41 /* 2.2.3 小结.md in Resources */ = {isa = PBXBuildFile; fileRef = B19966732C9719F500965D41 /* 2.2.3 小结.md */; };
		B19966B92C9719FA00965D41 /* 3.3.2 内建 Subscriber 的使用.md in Resources */ = {isa = PBXBuildFile; fileRef = B19966742C9719F500965D41 /* 3.3.2 内建 Subscriber 的使用.md */; };
		B19966BA2C9719FA00965D41 /* 1.4.4 基础动画.md in Resources */ = {isa = PBXBuildFile; fileRef = B19966752C9719F500965D41 /* 1.4.4 基础动画.md */; };
		B19966BB2C9719FA00965D41 /* 3.2.1 Publisher 的基本使用（一）.md in Resources */ = {isa = PBXBuildFile; fileRef = B19966762C9719F500965D41 /* 3.2.1 Publisher 的基本使用（一）.md */; };
		B19966BC2C9719FA00965D41 /* 1.2.2 图片.md in Resources */ = {isa = PBXBuildFile; fileRef = B19966772C9719F500965D41 /* 1.2.2 图片.md */; };
		B19966BD2C9719FA00965D41 /* 1.4.7 动画的进阶使用.md in Resources */ = {isa = PBXBuildFile; fileRef = B19966782C9719F500965D41 /* 1.4.7 动画的进阶使用.md */; };
		B19966BE2C9719FA00965D41 /* 1.3.1 SwiftUI 布局思想简介.md in Resources */ = {isa = PBXBuildFile; fileRef = B19966792C9719F500965D41 /* 1.3.1 SwiftUI 布局思想简介.md */; };
		B19966BF2C9719FA00965D41 /* 1.2.4.4 控件-指示器.md in Resources */ = {isa = PBXBuildFile; fileRef = B199667A2C9719F500965D41 /* 1.2.4.4 控件-指示器.md */; };
		B19966C02C9719FA00965D41 /* 4.1 Swift 5.7 新特性.md in Resources */ = {isa = PBXBuildFile; fileRef = B199667B2C9719F600965D41 /* 4.1 Swift 5.7 新特性.md */; };
		B19966C12C9719FA00965D41 /* 1.5.1 常见手势.md in Resources */ = {isa = PBXBuildFile; fileRef = B199667C2C9719F600965D41 /* 1.5.1 常见手势.md */; };
		B19966C22C9719FA00965D41 /* 4.4 Swift 5.8 新特性.md in Resources */ = {isa = PBXBuildFile; fileRef = B199667D2C9719F600965D41 /* 4.4 Swift 5.8 新特性.md */; };
		B19966C32C9719FA00965D41 /* 4.5 Swift 5.9 新特性.md in Resources */ = {isa = PBXBuildFile; fileRef = B199667E2C9719F600965D41 /* 4.5 Swift 5.9 新特性.md */; };
		B19966C42C9719FA00965D41 /* 1.2.8 使用 UIKit、AppKit.md in Resources */ = {isa = PBXBuildFile; fileRef = B199667F2C9719F600965D41 /* 1.2.8 使用 UIKit、AppKit.md */; };
		B19966C52C9719FA00965D41 /* 2.1.3 SwiftUI 中常见的异步 API.md in Resources */ = {isa = PBXBuildFile; fileRef = B19966802C9719F600965D41 /* 2.1.3 SwiftUI 中常见的异步 API.md */; };
		B19966C62C9719FA00965D41 /* 2.2.1 任务.md in Resources */ = {isa = PBXBuildFile; fileRef = B19966812C9719F600965D41 /* 2.2.1 任务.md */; };
		B19966C72C9719FA00965D41 /* 1.3.3 布局的调整.md in Resources */ = {isa = PBXBuildFile; fileRef = B19966822C9719F600965D41 /* 1.3.3 布局的调整.md */; };
		B19966C82C9719FA00965D41 /* 3.4.3 Operators 使用手册（三）.md in Resources */ = {isa = PBXBuildFile; fileRef = B19966832C9719F600965D41 /* 3.4.3 Operators 使用手册（三）.md */; };
		B19966C92C9719FA00965D41 /* 1.1.3.2 导航之 NavigationSplitView.md in Resources */ = {isa = PBXBuildFile; fileRef = B19966842C9719F600965D41 /* 1.1.3.2 导航之 NavigationSplitView.md */; };
		B19966CA2C9719FA00965D41 /* 1.2.1.1 文本-Text.md in Resources */ = {isa = PBXBuildFile; fileRef = B19966852C9719F600965D41 /* 1.2.1.1 文本-Text.md */; };
		B19966CB2C9719FA00965D41 /* 1.4.5 转场动画.md in Resources */ = {isa = PBXBuildFile; fileRef = B19966862C9719F700965D41 /* 1.4.5 转场动画.md */; };
		B19966CC2C9719FA00965D41 /* 1.2.3 视图样式与行为.md in Resources */ = {isa = PBXBuildFile; fileRef = B19966872C9719F700965D41 /* 1.2.3 视图样式与行为.md */; };
		B19966CD2C9719FA00965D41 /* 2.3.2 异步流.md in Resources */ = {isa = PBXBuildFile; fileRef = B19966882C9719F700965D41 /* 2.3.2 异步流.md */; };
		B19966CE2C9719FA00965D41 /* 1.3.11 SwiftUI 布局总结.md in Resources */ = {isa = PBXBuildFile; fileRef = B19966892C9719F700965D41 /* 1.3.11 SwiftUI 布局总结.md */; };
		B19966CF2C9719FA00965D41 /* 1.2.4.5 控件-样式.md in Resources */ = {isa = PBXBuildFile; fileRef = B199668A2C9719F700965D41 /* 1.2.4.5 控件-样式.md */; };
		B19966D02C9719FA00965D41 /* 3.1.1 Combine 概览.md in Resources */ = {isa = PBXBuildFile; fileRef = B199668B2C9719F700965D41 /* 3.1.1 Combine 概览.md */; };
		B19966D12C9719FA00965D41 /* 1.1.3.1 导航之 NavigationStack.md in Resources */ = {isa = PBXBuildFile; fileRef = B199668C2C9719F700965D41 /* 1.1.3.1 导航之 NavigationStack.md */; };
		B19966D22C9719FA00965D41 /* 1.2.1.2 文本-Label.md in Resources */ = {isa = PBXBuildFile; fileRef = B199668D2C9719F700965D41 /* 1.2.1.2 文本-Label.md */; };
		B19966D32C9719FA00965D41 /* 1.1.4 SwiftUI 视图管理机制.md in Resources */ = {isa = PBXBuildFile; fileRef = B199668E2C9719F700965D41 /* 1.1.4 SwiftUI 视图管理机制.md */; };
		B19966D42C9719FA00965D41 /* 1.2.1.3 文本-输入.md in Resources */ = {isa = PBXBuildFile; fileRef = B199668F2C9719F700965D41 /* 1.2.1.3 文本-输入.md */; };
		B19966D52C9719FA00965D41 /* 1.2.4.2 控件-链接.md in Resources */ = {isa = PBXBuildFile; fileRef = B19966902C9719F700965D41 /* 1.2.4.2 控件-链接.md */; };
		B19966D62C9719FA00965D41 /* 1.3.5 滑动视图（ScrollView）.md in Resources */ = {isa = PBXBuildFile; fileRef = B19966912C9719F700965D41 /* 1.3.5 滑动视图（ScrollView）.md */; };
		B19966D72C9719FA00965D41 /* 2.4.1 actor 的使用.md in Resources */ = {isa = PBXBuildFile; fileRef = B19966922C9719F800965D41 /* 2.4.1 actor 的使用.md */; };
		B19966D82C9719FA00965D41 /* 3.2.3 特殊的 Publisher：Subject.md in Resources */ = {isa = PBXBuildFile; fileRef = B19966932C9719F800965D41 /* 3.2.3 特殊的 Publisher：Subject.md */; };
		B19966D92C9719FA00965D41 /* 1.2.7 自定义视图.md in Resources */ = {isa = PBXBuildFile; fileRef = B19966942C9719F800965D41 /* 1.2.7 自定义视图.md */; };
		B19966DA2C9719FA00965D41 /* 1.1.2 生命周期的演变.md in Resources */ = {isa = PBXBuildFile; fileRef = B19966952C9719F800965D41 /* 1.1.2 生命周期的演变.md */; };
		B19966DB2C9719FA00965D41 /* 4.3 Swift 中的 Result builders.md in Resources */ = {isa = PBXBuildFile; fileRef = B19966962C9719F800965D41 /* 4.3 Swift 中的 Result builders.md */; };
		B19966DC2C9719FA00965D41 /* 1.2.4.3 控件-选择器.md in Resources */ = {isa = PBXBuildFile; fileRef = B19966972C9719F800965D41 /* 1.2.4.3 控件-选择器.md */; };
		B19966DD2C9719FA00965D41 /* 1.5.3 自定义手势.md in Resources */ = {isa = PBXBuildFile; fileRef = B19966982C9719F800965D41 /* 1.5.3 自定义手势.md */; };
		B19966DE2C9719FA00965D41 /* 3.2.2 Publisher 的基本使用（二）.md in Resources */ = {isa = PBXBuildFile; fileRef = B19966992C9719F800965D41 /* 3.2.2 Publisher 的基本使用（二）.md */; };
		B19966DF2C9719FA00965D41 /* 2.3.1 异步序列.md in Resources */ = {isa = PBXBuildFile; fileRef = B199669A2C9719F800965D41 /* 2.3.1 异步序列.md */; };
		B19966E02C9719FA00965D41 /* 1.1.3.3 模态（Modal）.md in Resources */ = {isa = PBXBuildFile; fileRef = B199669B2C9719F800965D41 /* 1.1.3.3 模态（Modal）.md */; };
		B19966E12C9719FA00965D41 /* 3.4.1 Operators 使用手册（一）.md in Resources */ = {isa = PBXBuildFile; fileRef = B199669C2C9719F800965D41 /* 3.4.1 Operators 使用手册（一）.md */; };
		B19966E22C9719FA00965D41 /* 1.1.3.4 工具栏（Toolbars）.md in Resources */ = {isa = PBXBuildFile; fileRef = B199669D2C9719F800965D41 /* 1.1.3.4 工具栏（Toolbars）.md */; };
		B19966E32C9719FA00965D41 /* 1.1.5 SwiftUI 中的属性包装器.md in Resources */ = {isa = PBXBuildFile; fileRef = B199669E2C9719F800965D41 /* 1.1.5 SwiftUI 中的属性包装器.md */; };
		B19966E42C9719FA00965D41 /* 1.3.9 自定义布局（Layout）.md in Resources */ = {isa = PBXBuildFile; fileRef = B199669F2C9719F800965D41 /* 1.3.9 自定义布局（Layout）.md */; };
		B19966E52C9719FA00965D41 /* 3.3.1 Subscriber 的详细介绍.md in Resources */ = {isa = PBXBuildFile; fileRef = B19966A02C9719F800965D41 /* 3.3.1 Subscriber 的详细介绍.md */; };
		B19966E62C9719FA00965D41 /* 1.3.8 共享布局信息.md in Resources */ = {isa = PBXBuildFile; fileRef = B19966A12C9719F900965D41 /* 1.3.8 共享布局信息.md */; };
		B19966E72C9719FA00965D41 /* 1.5.2 手势的管理.md in Resources */ = {isa = PBXBuildFile; fileRef = B19966A22C9719F900965D41 /* 1.5.2 手势的管理.md */; };
		B19966E82C9719FA00965D41 /* 1.2.5 菜单与命令.md in Resources */ = {isa = PBXBuildFile; fileRef = B19966A32C9719F900965D41 /* 1.2.5 菜单与命令.md */; };
		B19966E92C9719FA00965D41 /* 1.3.4 格子（Grids）.md in Resources */ = {isa = PBXBuildFile; fileRef = B19966A42C9719F900965D41 /* 1.3.4 格子（Grids）.md */; };
		B19966EA2C9719FA00965D41 /* 1.3.7 表格（Table）.md in Resources */ = {isa = PBXBuildFile; fileRef = B19966A52C9719F900965D41 /* 1.3.7 表格（Table）.md */; };
		B19966EB2C9719FA00965D41 /* 1.4.2 图形的绘制.md in Resources */ = {isa = PBXBuildFile; fileRef = B19966A62C9719F900965D41 /* 1.4.2 图形的绘制.md */; };
		B19966EC2C9719FA00965D41 /* 2.1.2 async、await 的使用.md in Resources */ = {isa = PBXBuildFile; fileRef = B19966A72C9719F900965D41 /* 2.1.2 async、await 的使用.md */; };
		B19966ED2C9719FA00965D41 /* 2.2.2 任务组.md in Resources */ = {isa = PBXBuildFile; fileRef = B19966A82C9719F900965D41 /* 2.2.2 任务组.md */; };
		B19966EE2C9719FA00965D41 /* 4.2 Swift 中的不透明类型和存在类型.md in Resources */ = {isa = PBXBuildFile; fileRef = B19966A92C9719F900965D41 /* 4.2 Swift 中的不透明类型和存在类型.md */; };
		B19966EF2C9719FA00965D41 /* 1.4.3 图表（Charts）.md in Resources */ = {isa = PBXBuildFile; fileRef = B19966AA2C9719F900965D41 /* 1.4.3 图表（Charts）.md */; };
		B19966F02C9719FA00965D41 /* 3.4.2 Operators 使用手册（二）.md in Resources */ = {isa = PBXBuildFile; fileRef = B19966AB2C9719F900965D41 /* 3.4.2 Operators 使用手册（二）.md */; };
		B19966F12C9719FA00965D41 /* 1.2.4.1 控件-按钮.md in Resources */ = {isa = PBXBuildFile; fileRef = B19966AC2C9719F900965D41 /* 1.2.4.1 控件-按钮.md */; };
		B19966F22C9719FA00965D41 /* 1.3.2.1 视图组.md in Resources */ = {isa = PBXBuildFile; fileRef = B19966AD2C9719F900965D41 /* 1.3.2.1 视图组.md */; };
		B19966F32C9719FA00965D41 /* 2.4.2 @globalActor、@MainActor 的使用.md in Resources */ = {isa = PBXBuildFile; fileRef = B19966AE2C9719F900965D41 /* 2.4.2 @globalActor、@MainActor 的使用.md */; };
		B19966F72C971A3400965D41 /* AppInfo.md in Resources */ = {isa = PBXBuildFile; fileRef = B19966F42C971A3400965D41 /* AppInfo.md */; };
		B19966F82C971A3400965D41 /* README_origin.md in Resources */ = {isa = PBXBuildFile; fileRef = B19966F52C971A3400965D41 /* README_origin.md */; };
		B19966F92C971A3400965D41 /* ReleaseNotes.md in Resources */ = {isa = PBXBuildFile; fileRef = B19966F62C971A3400965D41 /* ReleaseNotes.md */; };
		B19966FB2C971AA500965D41 /* Code.bundle in Resources */ = {isa = PBXBuildFile; fileRef = B19966FA2C971AA500965D41 /* Code.bundle */; };
		B1AF836C2C9DC9D900374814 /* SearchWebView.js in Resources */ = {isa = PBXBuildFile; fileRef = B1AF836B2C9DC9D900374814 /* SearchWebView.js */; };
		B1B092FC2CA52C5D007BC314 /* app_launch_screen.png in Resources */ = {isa = PBXBuildFile; fileRef = B1B092FB2CA52C5D007BC314 /* app_launch_screen.png */; };
		B1B3236A2CA465C200FA1B9E /* MarkdownView in Frameworks */ = {isa = PBXBuildFile; productRef = B1B323692CA465C200FA1B9E /* MarkdownView */; };
		B1B3236D2CA4682400FA1B9E /* Localizable.strings in Resources */ = {isa = PBXBuildFile; fileRef = B1B3236F2CA4682400FA1B9E /* Localizable.strings */; };
		B1BB563B2C95698D008484FF /* SwiftUIDevApp.swift in Sources */ = {isa = PBXBuildFile; fileRef = B1BB563A2C95698D008484FF /* SwiftUIDevApp.swift */; };
		B1BB563D2C95698D008484FF /* ContentView.swift in Sources */ = {isa = PBXBuildFile; fileRef = B1BB563C2C95698D008484FF /* ContentView.swift */; };
		B1BB563F2C95698F008484FF /* Assets.xcassets in Resources */ = {isa = PBXBuildFile; fileRef = B1BB563E2C95698F008484FF /* Assets.xcassets */; };
		B1BB56422C95698F008484FF /* Preview Assets.xcassets in Resources */ = {isa = PBXBuildFile; fileRef = B1BB56412C95698F008484FF /* Preview Assets.xcassets */; };
		B1BB56492C957B6E008484FF /* WebView.swift in Sources */ = {isa = PBXBuildFile; fileRef = B1BB56482C957B6E008484FF /* WebView.swift */; };
		B1BB56502C957DA7008484FF /* SFSafariViewWrapper.swift in Sources */ = {isa = PBXBuildFile; fileRef = B1BB564F2C957DA7008484FF /* SFSafariViewWrapper.swift */; };
		B1BB56522C958B18008484FF /* HomeView.swift in Sources */ = {isa = PBXBuildFile; fileRef = B1BB56512C958B18008484FF /* HomeView.swift */; };
		B1BB56542C958B27008484FF /* SettingsView.swift in Sources */ = {isa = PBXBuildFile; fileRef = B1BB56532C958B27008484FF /* SettingsView.swift */; };
		B1BB56562C95A937008484FF /* ArticleView.swift in Sources */ = {isa = PBXBuildFile; fileRef = B1BB56552C95A937008484FF /* ArticleView.swift */; };
		B1D12E942C9D460B00465179 /* SampleLabel.swift in Sources */ = {isa = PBXBuildFile; fileRef = B1D12E932C9D460B00465179 /* SampleLabel.swift */; };
		B1F94C392CA015E2001D5581 /* SampleTintColor.swift in Sources */ = {isa = PBXBuildFile; fileRef = B1F94C382CA015E2001D5581 /* SampleTintColor.swift */; };
/* End PBXBuildFile section */

/* Begin PBXFileReference section */
		B170B1C12C9973A000EF55AF /* MarkdownUI2.swift */ = {isa = PBXFileReference; lastKnownFileType = sourcecode.swift; path = MarkdownUI2.swift; sourceTree = "<group>"; };
		B18C05E32C9ACE9400882E44 /* Datas.swift */ = {isa = PBXFileReference; lastKnownFileType = sourcecode.swift; path = Datas.swift; sourceTree = "<group>"; };
		B18D3BD92C9D5BCE00FEED8C /* SearchView.swift */ = {isa = PBXFileReference; lastKnownFileType = sourcecode.swift; path = SearchView.swift; sourceTree = "<group>"; };
		B1944C292C9BF1F300A37A05 /* sf_symbols_1.png */ = {isa = PBXFileReference; lastKnownFileType = image.png; path = sf_symbols_1.png; sourceTree = "<group>"; };
		B1944C2A2C9BF1F300A37A05 /* multiplatfom_app_1.png */ = {isa = PBXFileReference; lastKnownFileType = image.png; path = multiplatfom_app_1.png; sourceTree = "<group>"; };
		B1944C2B2C9BF1F300A37A05 /* drop_first.png */ = {isa = PBXFileReference; lastKnownFileType = image.png; path = drop_first.png; sourceTree = "<group>"; };
		B1944C2C2C9BF1F300A37A05 /* combine_latest.png */ = {isa = PBXFileReference; lastKnownFileType = image.png; path = combine_latest.png; sourceTree = "<group>"; };
		B1944C2D2C9BF1F300A37A05 /* subscribe.png */ = {isa = PBXFileReference; lastKnownFileType = image.png; path = subscribe.png; sourceTree = "<group>"; };
		B1944C2E2C9BF1F300A37A05 /* inspector_placement.png */ = {isa = PBXFileReference; lastKnownFileType = image.png; path = inspector_placement.png; sourceTree = "<group>"; };
		B1944C2F2C9BF1F400A37A05 /* connectablePublisher_1.png */ = {isa = PBXFileReference; lastKnownFileType = image.png; path = connectablePublisher_1.png; sourceTree = "<group>"; };
		B1944C302C9BF1F400A37A05 /* connectablePublisher_2.png */ = {isa = PBXFileReference; lastKnownFileType = image.png; path = connectablePublisher_2.png; sourceTree = "<group>"; };
		B1944C312C9BF1F400A37A05 /* concurrency_diff.png */ = {isa = PBXFileReference; lastKnownFileType = image.png; path = concurrency_diff.png; sourceTree = "<group>"; };
		B1944C322C9BF1F400A37A05 /* publisher_subscriber.png */ = {isa = PBXFileReference; lastKnownFileType = image.png; path = publisher_subscriber.png; sourceTree = "<group>"; };
		B1944C332C9BF1F400A37A05 /* remove_duplicates.png */ = {isa = PBXFileReference; lastKnownFileType = image.png; path = remove_duplicates.png; sourceTree = "<group>"; };
		B1944C342C9BF1F400A37A05 /* debounce.png */ = {isa = PBXFileReference; lastKnownFileType = image.png; path = debounce.png; sourceTree = "<group>"; };
		B1944C352C9BF1F400A37A05 /* stacks_1.png */ = {isa = PBXFileReference; lastKnownFileType = image.png; path = stacks_1.png; sourceTree = "<group>"; };
		B1944C362C9BF1F400A37A05 /* count.png */ = {isa = PBXFileReference; lastKnownFileType = image.png; path = count.png; sourceTree = "<group>"; };
		B1944C372C9BF1F400A37A05 /* replace_nil.png */ = {isa = PBXFileReference; lastKnownFileType = image.png; path = replace_nil.png; sourceTree = "<group>"; };
		B1944C382C9BF1F400A37A05 /* try_map.png */ = {isa = PBXFileReference; lastKnownFileType = image.png; path = try_map.png; sourceTree = "<group>"; };
		B1944C392C9BF1F400A37A05 /* multiplatfom_app_2.png */ = {isa = PBXFileReference; lastKnownFileType = image.png; path = multiplatfom_app_2.png; sourceTree = "<group>"; };
		B1944C3A2C9BF1F400A37A05 /* async_let.png */ = {isa = PBXFileReference; lastKnownFileType = image.png; path = async_let.png; sourceTree = "<group>"; };
		B1944C3B2C9BF1F400A37A05 /* contains.png */ = {isa = PBXFileReference; lastKnownFileType = image.png; path = contains.png; sourceTree = "<group>"; };
		B1944C3C2C9BF1F400A37A05 /* refactor_to_async.png */ = {isa = PBXFileReference; lastKnownFileType = image.png; path = refactor_to_async.png; sourceTree = "<group>"; };
		B1944C3D2C9BF1F400A37A05 /* scene_1.png */ = {isa = PBXFileReference; lastKnownFileType = image.png; path = scene_1.png; sourceTree = "<group>"; };
		B1944C3E2C9BF1F400A37A05 /* macro-roles.png */ = {isa = PBXFileReference; lastKnownFileType = image.png; path = "macro-roles.png"; sourceTree = "<group>"; };
		B1944C3F2C9BF1F400A37A05 /* map.png */ = {isa = PBXFileReference; lastKnownFileType = image.png; path = map.png; sourceTree = "<group>"; };
		B1944C402C9BF1F400A37A05 /* drop_until_output_from.png */ = {isa = PBXFileReference; lastKnownFileType = image.png; path = drop_until_output_from.png; sourceTree = "<group>"; };
		B1944C412C9BF1F400A37A05 /* first.png */ = {isa = PBXFileReference; lastKnownFileType = image.png; path = first.png; sourceTree = "<group>"; };
		B1944C422C9BF1F400A37A05 /* merge.png */ = {isa = PBXFileReference; lastKnownFileType = image.png; path = merge.png; sourceTree = "<group>"; };
		B1944C432C9BF1F400A37A05 /* actor.png */ = {isa = PBXFileReference; lastKnownFileType = image.png; path = actor.png; sourceTree = "<group>"; };
		B1944C442C9BF1F400A37A05 /* scene_2.png */ = {isa = PBXFileReference; lastKnownFileType = image.png; path = scene_2.png; sourceTree = "<group>"; };
		B1944C452C9BF1F400A37A05 /* throttle.png */ = {isa = PBXFileReference; lastKnownFileType = image.png; path = throttle.png; sourceTree = "<group>"; };
		B1944C462C9BF1F400A37A05 /* reduce.png */ = {isa = PBXFileReference; lastKnownFileType = image.png; path = reduce.png; sourceTree = "<group>"; };
		B1944C472C9BF1F400A37A05 /* zip.png */ = {isa = PBXFileReference; lastKnownFileType = image.png; path = zip.png; sourceTree = "<group>"; };
		B1944C482C9BF1F400A37A05 /* multiplatfom_app_3.png */ = {isa = PBXFileReference; lastKnownFileType = image.png; path = multiplatfom_app_3.png; sourceTree = "<group>"; };
		B1944C492C9BF1F500A37A05 /* async_await.png */ = {isa = PBXFileReference; lastKnownFileType = image.png; path = async_await.png; sourceTree = "<group>"; };
		B1944C4A2C9BF1F500A37A05 /* max.png */ = {isa = PBXFileReference; lastKnownFileType = image.png; path = max.png; sourceTree = "<group>"; };
		B1944C4B2C9BF1F500A37A05 /* drop_first_2.png */ = {isa = PBXFileReference; lastKnownFileType = image.png; path = drop_first_2.png; sourceTree = "<group>"; };
		B1944C4C2C9BF1F500A37A05 /* scene_3.png */ = {isa = PBXFileReference; lastKnownFileType = image.png; path = scene_3.png; sourceTree = "<group>"; };
		B19965C92C96D7C300965D41 /* SamplesView.swift */ = {isa = PBXFileReference; lastKnownFileType = sourcecode.swift; path = SamplesView.swift; sourceTree = "<group>"; };
		B19965CD2C96E59700965D41 /* SampleView.swift */ = {isa = PBXFileReference; lastKnownFileType = sourcecode.swift; path = SampleView.swift; sourceTree = "<group>"; };
		B19966002C97156D00965D41 /* SampleText.swift */ = {isa = PBXFileReference; fileEncoding = 4; lastKnownFileType = sourcecode.swift; path = SampleText.swift; sourceTree = "<group>"; };
		B199666A2C9719F400965D41 /* 1.3.6 列表（List）.md */ = {isa = PBXFileReference; fileEncoding = 4; lastKnownFileType = net.daringfireball.markdown; path = "1.3.6 列表（List）.md"; sourceTree = "<group>"; };
		B199666B2C9719F400965D41 /* 1.3.2 堆叠（Stacks）.md */ = {isa = PBXFileReference; fileEncoding = 4; lastKnownFileType = net.daringfireball.markdown; path = "1.3.2 堆叠（Stacks）.md"; sourceTree = "<group>"; };
		B199666C2C9719F400965D41 /* 2.1.1 Swift 并发新体验.md */ = {isa = PBXFileReference; fileEncoding = 4; lastKnownFileType = net.daringfireball.markdown; path = "2.1.1 Swift 并发新体验.md"; sourceTree = "<group>"; };
		B199666D2C9719F400965D41 /* 1.1.3.0 TabView 的使用.md */ = {isa = PBXFileReference; fileEncoding = 4; lastKnownFileType = net.daringfireball.markdown; path = "1.1.3.0 TabView 的使用.md"; sourceTree = "<group>"; };
		B199666E2C9719F500965D41 /* 1.4.1 形状（Shapes）的使用.md */ = {isa = PBXFileReference; fileEncoding = 4; lastKnownFileType = net.daringfireball.markdown; path = "1.4.1 形状（Shapes）的使用.md"; sourceTree = "<group>"; };
		B199666F2C9719F500965D41 /* 1.4.6 动画原理.md */ = {isa = PBXFileReference; fileEncoding = 4; lastKnownFileType = net.daringfireball.markdown; path = "1.4.6 动画原理.md"; sourceTree = "<group>"; };
		B19966702C9719F500965D41 /* 1.1.1 App 入口与配置.md */ = {isa = PBXFileReference; fileEncoding = 4; lastKnownFileType = net.daringfireball.markdown; path = "1.1.1 App 入口与配置.md"; sourceTree = "<group>"; };
		B19966712C9719F500965D41 /* 1.2.6 视图生命周期方法.md */ = {isa = PBXFileReference; fileEncoding = 4; lastKnownFileType = net.daringfireball.markdown; path = "1.2.6 视图生命周期方法.md"; sourceTree = "<group>"; };
		B19966722C9719F500965D41 /* 1.1.3 SwiftUI 中的场景.md */ = {isa = PBXFileReference; fileEncoding = 4; lastKnownFileType = net.daringfireball.markdown; path = "1.1.3 SwiftUI 中的场景.md"; sourceTree = "<group>"; };
		B19966732C9719F500965D41 /* 2.2.3 小结.md */ = {isa = PBXFileReference; fileEncoding = 4; lastKnownFileType = net.daringfireball.markdown; path = "2.2.3 小结.md"; sourceTree = "<group>"; };
		B19966742C9719F500965D41 /* 3.3.2 内建 Subscriber 的使用.md */ = {isa = PBXFileReference; fileEncoding = 4; lastKnownFileType = net.daringfireball.markdown; path = "3.3.2 内建 Subscriber 的使用.md"; sourceTree = "<group>"; };
		B19966752C9719F500965D41 /* 1.4.4 基础动画.md */ = {isa = PBXFileReference; fileEncoding = 4; lastKnownFileType = net.daringfireball.markdown; path = "1.4.4 基础动画.md"; sourceTree = "<group>"; };
		B19966762C9719F500965D41 /* 3.2.1 Publisher 的基本使用（一）.md */ = {isa = PBXFileReference; fileEncoding = 4; lastKnownFileType = net.daringfireball.markdown; path = "3.2.1 Publisher 的基本使用（一）.md"; sourceTree = "<group>"; };
		B19966772C9719F500965D41 /* 1.2.2 图片.md */ = {isa = PBXFileReference; fileEncoding = 4; lastKnownFileType = net.daringfireball.markdown; path = "1.2.2 图片.md"; sourceTree = "<group>"; };
		B19966782C9719F500965D41 /* 1.4.7 动画的进阶使用.md */ = {isa = PBXFileReference; fileEncoding = 4; lastKnownFileType = net.daringfireball.markdown; path = "1.4.7 动画的进阶使用.md"; sourceTree = "<group>"; };
		B19966792C9719F500965D41 /* 1.3.1 SwiftUI 布局思想简介.md */ = {isa = PBXFileReference; fileEncoding = 4; lastKnownFileType = net.daringfireball.markdown; path = "1.3.1 SwiftUI 布局思想简介.md"; sourceTree = "<group>"; };
		B199667A2C9719F500965D41 /* 1.2.4.4 控件-指示器.md */ = {isa = PBXFileReference; fileEncoding = 4; lastKnownFileType = net.daringfireball.markdown; path = "1.2.4.4 控件-指示器.md"; sourceTree = "<group>"; };
		B199667B2C9719F600965D41 /* 4.1 Swift 5.7 新特性.md */ = {isa = PBXFileReference; fileEncoding = 4; lastKnownFileType = net.daringfireball.markdown; path = "4.1 Swift 5.7 新特性.md"; sourceTree = "<group>"; };
		B199667C2C9719F600965D41 /* 1.5.1 常见手势.md */ = {isa = PBXFileReference; fileEncoding = 4; lastKnownFileType = net.daringfireball.markdown; path = "1.5.1 常见手势.md"; sourceTree = "<group>"; };
		B199667D2C9719F600965D41 /* 4.4 Swift 5.8 新特性.md */ = {isa = PBXFileReference; fileEncoding = 4; lastKnownFileType = net.daringfireball.markdown; path = "4.4 Swift 5.8 新特性.md"; sourceTree = "<group>"; };
		B199667E2C9719F600965D41 /* 4.5 Swift 5.9 新特性.md */ = {isa = PBXFileReference; fileEncoding = 4; lastKnownFileType = net.daringfireball.markdown; path = "4.5 Swift 5.9 新特性.md"; sourceTree = "<group>"; };
		B199667F2C9719F600965D41 /* 1.2.8 使用 UIKit、AppKit.md */ = {isa = PBXFileReference; fileEncoding = 4; lastKnownFileType = net.daringfireball.markdown; path = "1.2.8 使用 UIKit、AppKit.md"; sourceTree = "<group>"; };
		B19966802C9719F600965D41 /* 2.1.3 SwiftUI 中常见的异步 API.md */ = {isa = PBXFileReference; fileEncoding = 4; lastKnownFileType = net.daringfireball.markdown; path = "2.1.3 SwiftUI 中常见的异步 API.md"; sourceTree = "<group>"; };
		B19966812C9719F600965D41 /* 2.2.1 任务.md */ = {isa = PBXFileReference; fileEncoding = 4; lastKnownFileType = net.daringfireball.markdown; path = "2.2.1 任务.md"; sourceTree = "<group>"; };
		B19966822C9719F600965D41 /* 1.3.3 布局的调整.md */ = {isa = PBXFileReference; fileEncoding = 4; lastKnownFileType = net.daringfireball.markdown; path = "1.3.3 布局的调整.md"; sourceTree = "<group>"; };
		B19966832C9719F600965D41 /* 3.4.3 Operators 使用手册（三）.md */ = {isa = PBXFileReference; fileEncoding = 4; lastKnownFileType = net.daringfireball.markdown; path = "3.4.3 Operators 使用手册（三）.md"; sourceTree = "<group>"; };
		B19966842C9719F600965D41 /* 1.1.3.2 导航之 NavigationSplitView.md */ = {isa = PBXFileReference; fileEncoding = 4; lastKnownFileType = net.daringfireball.markdown; path = "1.1.3.2 导航之 NavigationSplitView.md"; sourceTree = "<group>"; };
		B19966852C9719F600965D41 /* 1.2.1.1 文本-Text.md */ = {isa = PBXFileReference; fileEncoding = 4; lastKnownFileType = net.daringfireball.markdown; path = "1.2.1.1 文本-Text.md"; sourceTree = "<group>"; };
		B19966862C9719F700965D41 /* 1.4.5 转场动画.md */ = {isa = PBXFileReference; fileEncoding = 4; lastKnownFileType = net.daringfireball.markdown; path = "1.4.5 转场动画.md"; sourceTree = "<group>"; };
		B19966872C9719F700965D41 /* 1.2.3 视图样式与行为.md */ = {isa = PBXFileReference; fileEncoding = 4; lastKnownFileType = net.daringfireball.markdown; path = "1.2.3 视图样式与行为.md"; sourceTree = "<group>"; };
		B19966882C9719F700965D41 /* 2.3.2 异步流.md */ = {isa = PBXFileReference; fileEncoding = 4; lastKnownFileType = net.daringfireball.markdown; path = "2.3.2 异步流.md"; sourceTree = "<group>"; };
		B19966892C9719F700965D41 /* 1.3.11 SwiftUI 布局总结.md */ = {isa = PBXFileReference; fileEncoding = 4; lastKnownFileType = net.daringfireball.markdown; path = "1.3.11 SwiftUI 布局总结.md"; sourceTree = "<group>"; };
		B199668A2C9719F700965D41 /* 1.2.4.5 控件-样式.md */ = {isa = PBXFileReference; fileEncoding = 4; lastKnownFileType = net.daringfireball.markdown; path = "1.2.4.5 控件-样式.md"; sourceTree = "<group>"; };
		B199668B2C9719F700965D41 /* 3.1.1 Combine 概览.md */ = {isa = PBXFileReference; fileEncoding = 4; lastKnownFileType = net.daringfireball.markdown; path = "3.1.1 Combine 概览.md"; sourceTree = "<group>"; };
		B199668C2C9719F700965D41 /* 1.1.3.1 导航之 NavigationStack.md */ = {isa = PBXFileReference; fileEncoding = 4; lastKnownFileType = net.daringfireball.markdown; path = "1.1.3.1 导航之 NavigationStack.md"; sourceTree = "<group>"; };
		B199668D2C9719F700965D41 /* 1.2.1.2 文本-Label.md */ = {isa = PBXFileReference; fileEncoding = 4; lastKnownFileType = net.daringfireball.markdown; path = "1.2.1.2 文本-Label.md"; sourceTree = "<group>"; };
		B199668E2C9719F700965D41 /* 1.1.4 SwiftUI 视图管理机制.md */ = {isa = PBXFileReference; fileEncoding = 4; lastKnownFileType = net.daringfireball.markdown; path = "1.1.4 SwiftUI 视图管理机制.md"; sourceTree = "<group>"; };
		B199668F2C9719F700965D41 /* 1.2.1.3 文本-输入.md */ = {isa = PBXFileReference; fileEncoding = 4; lastKnownFileType = net.daringfireball.markdown; path = "1.2.1.3 文本-输入.md"; sourceTree = "<group>"; };
		B19966902C9719F700965D41 /* 1.2.4.2 控件-链接.md */ = {isa = PBXFileReference; fileEncoding = 4; lastKnownFileType = net.daringfireball.markdown; path = "1.2.4.2 控件-链接.md"; sourceTree = "<group>"; };
		B19966912C9719F700965D41 /* 1.3.5 滑动视图（ScrollView）.md */ = {isa = PBXFileReference; fileEncoding = 4; lastKnownFileType = net.daringfireball.markdown; path = "1.3.5 滑动视图（ScrollView）.md"; sourceTree = "<group>"; };
		B19966922C9719F800965D41 /* 2.4.1 actor 的使用.md */ = {isa = PBXFileReference; fileEncoding = 4; lastKnownFileType = net.daringfireball.markdown; path = "2.4.1 actor 的使用.md"; sourceTree = "<group>"; };
		B19966932C9719F800965D41 /* 3.2.3 特殊的 Publisher：Subject.md */ = {isa = PBXFileReference; fileEncoding = 4; lastKnownFileType = net.daringfireball.markdown; path = "3.2.3 特殊的 Publisher：Subject.md"; sourceTree = "<group>"; };
		B19966942C9719F800965D41 /* 1.2.7 自定义视图.md */ = {isa = PBXFileReference; fileEncoding = 4; lastKnownFileType = net.daringfireball.markdown; path = "1.2.7 自定义视图.md"; sourceTree = "<group>"; };
		B19966952C9719F800965D41 /* 1.1.2 生命周期的演变.md */ = {isa = PBXFileReference; fileEncoding = 4; lastKnownFileType = net.daringfireball.markdown; path = "1.1.2 生命周期的演变.md"; sourceTree = "<group>"; };
		B19966962C9719F800965D41 /* 4.3 Swift 中的 Result builders.md */ = {isa = PBXFileReference; fileEncoding = 4; lastKnownFileType = net.daringfireball.markdown; path = "4.3 Swift 中的 Result builders.md"; sourceTree = "<group>"; };
		B19966972C9719F800965D41 /* 1.2.4.3 控件-选择器.md */ = {isa = PBXFileReference; fileEncoding = 4; lastKnownFileType = net.daringfireball.markdown; path = "1.2.4.3 控件-选择器.md"; sourceTree = "<group>"; };
		B19966982C9719F800965D41 /* 1.5.3 自定义手势.md */ = {isa = PBXFileReference; fileEncoding = 4; lastKnownFileType = net.daringfireball.markdown; path = "1.5.3 自定义手势.md"; sourceTree = "<group>"; };
		B19966992C9719F800965D41 /* 3.2.2 Publisher 的基本使用（二）.md */ = {isa = PBXFileReference; fileEncoding = 4; lastKnownFileType = net.daringfireball.markdown; path = "3.2.2 Publisher 的基本使用（二）.md"; sourceTree = "<group>"; };
		B199669A2C9719F800965D41 /* 2.3.1 异步序列.md */ = {isa = PBXFileReference; fileEncoding = 4; lastKnownFileType = net.daringfireball.markdown; path = "2.3.1 异步序列.md"; sourceTree = "<group>"; };
		B199669B2C9719F800965D41 /* 1.1.3.3 模态（Modal）.md */ = {isa = PBXFileReference; fileEncoding = 4; lastKnownFileType = net.daringfireball.markdown; path = "1.1.3.3 模态（Modal）.md"; sourceTree = "<group>"; };
		B199669C2C9719F800965D41 /* 3.4.1 Operators 使用手册（一）.md */ = {isa = PBXFileReference; fileEncoding = 4; lastKnownFileType = net.daringfireball.markdown; path = "3.4.1 Operators 使用手册（一）.md"; sourceTree = "<group>"; };
		B199669D2C9719F800965D41 /* 1.1.3.4 工具栏（Toolbars）.md */ = {isa = PBXFileReference; fileEncoding = 4; lastKnownFileType = net.daringfireball.markdown; path = "1.1.3.4 工具栏（Toolbars）.md"; sourceTree = "<group>"; };
		B199669E2C9719F800965D41 /* 1.1.5 SwiftUI 中的属性包装器.md */ = {isa = PBXFileReference; fileEncoding = 4; lastKnownFileType = net.daringfireball.markdown; path = "1.1.5 SwiftUI 中的属性包装器.md"; sourceTree = "<group>"; };
		B199669F2C9719F800965D41 /* 1.3.9 自定义布局（Layout）.md */ = {isa = PBXFileReference; fileEncoding = 4; lastKnownFileType = net.daringfireball.markdown; path = "1.3.9 自定义布局（Layout）.md"; sourceTree = "<group>"; };
		B19966A02C9719F800965D41 /* 3.3.1 Subscriber 的详细介绍.md */ = {isa = PBXFileReference; fileEncoding = 4; lastKnownFileType = net.daringfireball.markdown; path = "3.3.1 Subscriber 的详细介绍.md"; sourceTree = "<group>"; };
		B19966A12C9719F900965D41 /* 1.3.8 共享布局信息.md */ = {isa = PBXFileReference; fileEncoding = 4; lastKnownFileType = net.daringfireball.markdown; path = "1.3.8 共享布局信息.md"; sourceTree = "<group>"; };
		B19966A22C9719F900965D41 /* 1.5.2 手势的管理.md */ = {isa = PBXFileReference; fileEncoding = 4; lastKnownFileType = net.daringfireball.markdown; path = "1.5.2 手势的管理.md"; sourceTree = "<group>"; };
		B19966A32C9719F900965D41 /* 1.2.5 菜单与命令.md */ = {isa = PBXFileReference; fileEncoding = 4; lastKnownFileType = net.daringfireball.markdown; path = "1.2.5 菜单与命令.md"; sourceTree = "<group>"; };
		B19966A42C9719F900965D41 /* 1.3.4 格子（Grids）.md */ = {isa = PBXFileReference; fileEncoding = 4; lastKnownFileType = net.daringfireball.markdown; path = "1.3.4 格子（Grids）.md"; sourceTree = "<group>"; };
		B19966A52C9719F900965D41 /* 1.3.7 表格（Table）.md */ = {isa = PBXFileReference; fileEncoding = 4; lastKnownFileType = net.daringfireball.markdown; path = "1.3.7 表格（Table）.md"; sourceTree = "<group>"; };
		B19966A62C9719F900965D41 /* 1.4.2 图形的绘制.md */ = {isa = PBXFileReference; fileEncoding = 4; lastKnownFileType = net.daringfireball.markdown; path = "1.4.2 图形的绘制.md"; sourceTree = "<group>"; };
		B19966A72C9719F900965D41 /* 2.1.2 async、await 的使用.md */ = {isa = PBXFileReference; fileEncoding = 4; lastKnownFileType = net.daringfireball.markdown; path = "2.1.2 async、await 的使用.md"; sourceTree = "<group>"; };
		B19966A82C9719F900965D41 /* 2.2.2 任务组.md */ = {isa = PBXFileReference; fileEncoding = 4; lastKnownFileType = net.daringfireball.markdown; path = "2.2.2 任务组.md"; sourceTree = "<group>"; };
		B19966A92C9719F900965D41 /* 4.2 Swift 中的不透明类型和存在类型.md */ = {isa = PBXFileReference; fileEncoding = 4; lastKnownFileType = net.daringfireball.markdown; path = "4.2 Swift 中的不透明类型和存在类型.md"; sourceTree = "<group>"; };
		B19966AA2C9719F900965D41 /* 1.4.3 图表（Charts）.md */ = {isa = PBXFileReference; fileEncoding = 4; lastKnownFileType = net.daringfireball.markdown; path = "1.4.3 图表（Charts）.md"; sourceTree = "<group>"; };
		B19966AB2C9719F900965D41 /* 3.4.2 Operators 使用手册（二）.md */ = {isa = PBXFileReference; fileEncoding = 4; lastKnownFileType = net.daringfireball.markdown; path = "3.4.2 Operators 使用手册（二）.md"; sourceTree = "<group>"; };
		B19966AC2C9719F900965D41 /* 1.2.4.1 控件-按钮.md */ = {isa = PBXFileReference; fileEncoding = 4; lastKnownFileType = net.daringfireball.markdown; path = "1.2.4.1 控件-按钮.md"; sourceTree = "<group>"; };
		B19966AD2C9719F900965D41 /* 1.3.2.1 视图组.md */ = {isa = PBXFileReference; fileEncoding = 4; lastKnownFileType = net.daringfireball.markdown; path = "1.3.2.1 视图组.md"; sourceTree = "<group>"; };
		B19966AE2C9719F900965D41 /* 2.4.2 @globalActor、@MainActor 的使用.md */ = {isa = PBXFileReference; fileEncoding = 4; lastKnownFileType = net.daringfireball.markdown; path = "2.4.2 @globalActor、@MainActor 的使用.md"; sourceTree = "<group>"; };
		B19966F42C971A3400965D41 /* AppInfo.md */ = {isa = PBXFileReference; fileEncoding = 4; lastKnownFileType = net.daringfireball.markdown; path = AppInfo.md; sourceTree = "<group>"; };
		B19966F52C971A3400965D41 /* README_origin.md */ = {isa = PBXFileReference; fileEncoding = 4; lastKnownFileType = net.daringfireball.markdown; path = README_origin.md; sourceTree = "<group>"; };
		B19966F62C971A3400965D41 /* ReleaseNotes.md */ = {isa = PBXFileReference; fileEncoding = 4; lastKnownFileType = net.daringfireball.markdown; path = ReleaseNotes.md; sourceTree = "<group>"; };
		B19966FA2C971AA500965D41 /* Code.bundle */ = {isa = PBXFileReference; lastKnownFileType = "wrapper.plug-in"; path = Code.bundle; sourceTree = "<group>"; };
		B1AF836B2C9DC9D900374814 /* SearchWebView.js */ = {isa = PBXFileReference; fileEncoding = 4; lastKnownFileType = sourcecode.javascript; path = SearchWebView.js; sourceTree = "<group>"; };
		B1B092FA2CA520A4007BC314 /* README.md */ = {isa = PBXFileReference; lastKnownFileType = net.daringfireball.markdown; path = README.md; sourceTree = "<group>"; };
		B1B092FB2CA52C5D007BC314 /* app_launch_screen.png */ = {isa = PBXFileReference; lastKnownFileType = image.png; path = app_launch_screen.png; sourceTree = "<group>"; };
		B1B3236E2CA4682400FA1B9E /* en */ = {isa = PBXFileReference; lastKnownFileType = text.plist.strings; name = en; path = en.lproj/Localizable.strings; sourceTree = "<group>"; };
		B1B323702CA4682700FA1B9E /* zh-Hans */ = {isa = PBXFileReference; lastKnownFileType = text.plist.strings; name = "zh-Hans"; path = "zh-Hans.lproj/Localizable.strings"; sourceTree = "<group>"; };
		B1BB56372C95698D008484FF /* SwiftUIDev.app */ = {isa = PBXFileReference; explicitFileType = wrapper.application; includeInIndex = 0; path = SwiftUIDev.app; sourceTree = BUILT_PRODUCTS_DIR; };
		B1BB563A2C95698D008484FF /* SwiftUIDevApp.swift */ = {isa = PBXFileReference; lastKnownFileType = sourcecode.swift; path = SwiftUIDevApp.swift; sourceTree = "<group>"; };
		B1BB563C2C95698D008484FF /* ContentView.swift */ = {isa = PBXFileReference; lastKnownFileType = sourcecode.swift; path = ContentView.swift; sourceTree = "<group>"; };
		B1BB563E2C95698F008484FF /* Assets.xcassets */ = {isa = PBXFileReference; lastKnownFileType = folder.assetcatalog; path = Assets.xcassets; sourceTree = "<group>"; };
		B1BB56412C95698F008484FF /* Preview Assets.xcassets */ = {isa = PBXFileReference; lastKnownFileType = folder.assetcatalog; path = "Preview Assets.xcassets"; sourceTree = "<group>"; };
		B1BB56482C957B6E008484FF /* WebView.swift */ = {isa = PBXFileReference; lastKnownFileType = sourcecode.swift; path = WebView.swift; sourceTree = "<group>"; };
		B1BB564F2C957DA7008484FF /* SFSafariViewWrapper.swift */ = {isa = PBXFileReference; lastKnownFileType = sourcecode.swift; path = SFSafariViewWrapper.swift; sourceTree = "<group>"; };
		B1BB56512C958B18008484FF /* HomeView.swift */ = {isa = PBXFileReference; lastKnownFileType = sourcecode.swift; path = HomeView.swift; sourceTree = "<group>"; };
		B1BB56532C958B27008484FF /* SettingsView.swift */ = {isa = PBXFileReference; lastKnownFileType = sourcecode.swift; path = SettingsView.swift; sourceTree = "<group>"; };
		B1BB56552C95A937008484FF /* ArticleView.swift */ = {isa = PBXFileReference; lastKnownFileType = sourcecode.swift; path = ArticleView.swift; sourceTree = "<group>"; };
		B1D12E932C9D460B00465179 /* SampleLabel.swift */ = {isa = PBXFileReference; fileEncoding = 4; lastKnownFileType = sourcecode.swift; path = SampleLabel.swift; sourceTree = "<group>"; };
		B1F94C382CA015E2001D5581 /* SampleTintColor.swift */ = {isa = PBXFileReference; fileEncoding = 4; lastKnownFileType = sourcecode.swift; path = SampleTintColor.swift; sourceTree = "<group>"; };
/* End PBXFileReference section */

/* Begin PBXFrameworksBuildPhase section */
		B1BB56342C95698D008484FF /* Frameworks */ = {
			isa = PBXFrameworksBuildPhase;
			buildActionMask = 2147483647;
			files = (
				B1B3236A2CA465C200FA1B9E /* MarkdownView in Frameworks */,
			);
			runOnlyForDeploymentPostprocessing = 0;
		};
/* End PBXFrameworksBuildPhase section */

/* Begin PBXGroup section */
		B1944C242C9BF01D00A37A05 /* images */ = {
			isa = PBXGroup;
			children = (
				B1B092FB2CA52C5D007BC314 /* app_launch_screen.png */,
				B1944C432C9BF1F400A37A05 /* actor.png */,
				B1944C492C9BF1F500A37A05 /* async_await.png */,
				B1944C3A2C9BF1F400A37A05 /* async_let.png */,
				B1944C2C2C9BF1F300A37A05 /* combine_latest.png */,
				B1944C312C9BF1F400A37A05 /* concurrency_diff.png */,
				B1944C2F2C9BF1F400A37A05 /* connectablePublisher_1.png */,
				B1944C302C9BF1F400A37A05 /* connectablePublisher_2.png */,
				B1944C3B2C9BF1F400A37A05 /* contains.png */,
				B1944C362C9BF1F400A37A05 /* count.png */,
				B1944C342C9BF1F400A37A05 /* debounce.png */,
				B1944C4B2C9BF1F500A37A05 /* drop_first_2.png */,
				B1944C2B2C9BF1F300A37A05 /* drop_first.png */,
				B1944C402C9BF1F400A37A05 /* drop_until_output_from.png */,
				B1944C412C9BF1F400A37A05 /* first.png */,
				B1944C2E2C9BF1F300A37A05 /* inspector_placement.png */,
				B1944C3E2C9BF1F400A37A05 /* macro-roles.png */,
				B1944C3F2C9BF1F400A37A05 /* map.png */,
				B1944C4A2C9BF1F500A37A05 /* max.png */,
				B1944C422C9BF1F400A37A05 /* merge.png */,
				B1944C2A2C9BF1F300A37A05 /* multiplatfom_app_1.png */,
				B1944C392C9BF1F400A37A05 /* multiplatfom_app_2.png */,
				B1944C482C9BF1F400A37A05 /* multiplatfom_app_3.png */,
				B1944C322C9BF1F400A37A05 /* publisher_subscriber.png */,
				B1944C462C9BF1F400A37A05 /* reduce.png */,
				B1944C3C2C9BF1F400A37A05 /* refactor_to_async.png */,
				B1944C332C9BF1F400A37A05 /* remove_duplicates.png */,
				B1944C372C9BF1F400A37A05 /* replace_nil.png */,
				B1944C3D2C9BF1F400A37A05 /* scene_1.png */,
				B1944C442C9BF1F400A37A05 /* scene_2.png */,
				B1944C4C2C9BF1F500A37A05 /* scene_3.png */,
				B1944C292C9BF1F300A37A05 /* sf_symbols_1.png */,
				B1944C352C9BF1F400A37A05 /* stacks_1.png */,
				B1944C2D2C9BF1F300A37A05 /* subscribe.png */,
				B1944C452C9BF1F400A37A05 /* throttle.png */,
				B1944C382C9BF1F400A37A05 /* try_map.png */,
				B1944C472C9BF1F400A37A05 /* zip.png */,
			);
			path = images;
			sourceTree = "<group>";
		};
		B19965C82C96D68900965D41 /* SampleCode */ = {
			isa = PBXGroup;
			children = (
				B1F94C382CA015E2001D5581 /* SampleTintColor.swift */,
				B1D12E932C9D460B00465179 /* SampleLabel.swift */,
				B19966002C97156D00965D41 /* SampleText.swift */,
			);
			path = SampleCode;
			sourceTree = "<group>";
		};
		B19966692C9719B700965D41 /* Markdowns */ = {
			isa = PBXGroup;
			children = (
				B1944C242C9BF01D00A37A05 /* images */,
				B19966702C9719F500965D41 /* 1.1.1 App 入口与配置.md */,
				B19966952C9719F800965D41 /* 1.1.2 生命周期的演变.md */,
				B19966722C9719F500965D41 /* 1.1.3 SwiftUI 中的场景.md */,
				B199666D2C9719F400965D41 /* 1.1.3.0 TabView 的使用.md */,
				B199668C2C9719F700965D41 /* 1.1.3.1 导航之 NavigationStack.md */,
				B19966842C9719F600965D41 /* 1.1.3.2 导航之 NavigationSplitView.md */,
				B199669B2C9719F800965D41 /* 1.1.3.3 模态（Modal）.md */,
				B199669D2C9719F800965D41 /* 1.1.3.4 工具栏（Toolbars）.md */,
				B199668E2C9719F700965D41 /* 1.1.4 SwiftUI 视图管理机制.md */,
				B199669E2C9719F800965D41 /* 1.1.5 SwiftUI 中的属性包装器.md */,
				B19966852C9719F600965D41 /* 1.2.1.1 文本-Text.md */,
				B199668D2C9719F700965D41 /* 1.2.1.2 文本-Label.md */,
				B199668F2C9719F700965D41 /* 1.2.1.3 文本-输入.md */,
				B19966772C9719F500965D41 /* 1.2.2 图片.md */,
				B19966872C9719F700965D41 /* 1.2.3 视图样式与行为.md */,
				B19966AC2C9719F900965D41 /* 1.2.4.1 控件-按钮.md */,
				B19966902C9719F700965D41 /* 1.2.4.2 控件-链接.md */,
				B19966972C9719F800965D41 /* 1.2.4.3 控件-选择器.md */,
				B199667A2C9719F500965D41 /* 1.2.4.4 控件-指示器.md */,
				B199668A2C9719F700965D41 /* 1.2.4.5 控件-样式.md */,
				B19966A32C9719F900965D41 /* 1.2.5 菜单与命令.md */,
				B19966712C9719F500965D41 /* 1.2.6 视图生命周期方法.md */,
				B19966942C9719F800965D41 /* 1.2.7 自定义视图.md */,
				B199667F2C9719F600965D41 /* 1.2.8 使用 UIKit、AppKit.md */,
				B19966792C9719F500965D41 /* 1.3.1 SwiftUI 布局思想简介.md */,
				B199666B2C9719F400965D41 /* 1.3.2 堆叠（Stacks）.md */,
				B19966AD2C9719F900965D41 /* 1.3.2.1 视图组.md */,
				B19966822C9719F600965D41 /* 1.3.3 布局的调整.md */,
				B19966A42C9719F900965D41 /* 1.3.4 格子（Grids）.md */,
				B19966912C9719F700965D41 /* 1.3.5 滑动视图（ScrollView）.md */,
				B199666A2C9719F400965D41 /* 1.3.6 列表（List）.md */,
				B19966A52C9719F900965D41 /* 1.3.7 表格（Table）.md */,
				B19966A12C9719F900965D41 /* 1.3.8 共享布局信息.md */,
				B199669F2C9719F800965D41 /* 1.3.9 自定义布局（Layout）.md */,
				B19966892C9719F700965D41 /* 1.3.11 SwiftUI 布局总结.md */,
				B199666E2C9719F500965D41 /* 1.4.1 形状（Shapes）的使用.md */,
				B19966A62C9719F900965D41 /* 1.4.2 图形的绘制.md */,
				B19966AA2C9719F900965D41 /* 1.4.3 图表（Charts）.md */,
				B19966752C9719F500965D41 /* 1.4.4 基础动画.md */,
				B19966862C9719F700965D41 /* 1.4.5 转场动画.md */,
				B199666F2C9719F500965D41 /* 1.4.6 动画原理.md */,
				B19966782C9719F500965D41 /* 1.4.7 动画的进阶使用.md */,
				B199667C2C9719F600965D41 /* 1.5.1 常见手势.md */,
				B19966A22C9719F900965D41 /* 1.5.2 手势的管理.md */,
				B19966982C9719F800965D41 /* 1.5.3 自定义手势.md */,
				B199666C2C9719F400965D41 /* 2.1.1 Swift 并发新体验.md */,
				B19966A72C9719F900965D41 /* 2.1.2 async、await 的使用.md */,
				B19966802C9719F600965D41 /* 2.1.3 SwiftUI 中常见的异步 API.md */,
				B19966812C9719F600965D41 /* 2.2.1 任务.md */,
				B19966A82C9719F900965D41 /* 2.2.2 任务组.md */,
				B19966732C9719F500965D41 /* 2.2.3 小结.md */,
				B199669A2C9719F800965D41 /* 2.3.1 异步序列.md */,
				B19966882C9719F700965D41 /* 2.3.2 异步流.md */,
				B19966922C9719F800965D41 /* 2.4.1 actor 的使用.md */,
				B19966AE2C9719F900965D41 /* 2.4.2 @globalActor、@MainActor 的使用.md */,
				B199668B2C9719F700965D41 /* 3.1.1 Combine 概览.md */,
				B19966762C9719F500965D41 /* 3.2.1 Publisher 的基本使用（一）.md */,
				B19966992C9719F800965D41 /* 3.2.2 Publisher 的基本使用（二）.md */,
				B19966932C9719F800965D41 /* 3.2.3 特殊的 Publisher：Subject.md */,
				B19966A02C9719F800965D41 /* 3.3.1 Subscriber 的详细介绍.md */,
				B19966742C9719F500965D41 /* 3.3.2 内建 Subscriber 的使用.md */,
				B199669C2C9719F800965D41 /* 3.4.1 Operators 使用手册（一）.md */,
				B19966AB2C9719F900965D41 /* 3.4.2 Operators 使用手册（二）.md */,
				B19966832C9719F600965D41 /* 3.4.3 Operators 使用手册（三）.md */,
				B199667B2C9719F600965D41 /* 4.1 Swift 5.7 新特性.md */,
				B19966A92C9719F900965D41 /* 4.2 Swift 中的不透明类型和存在类型.md */,
				B19966962C9719F800965D41 /* 4.3 Swift 中的 Result builders.md */,
				B199667D2C9719F600965D41 /* 4.4 Swift 5.8 新特性.md */,
				B199667E2C9719F600965D41 /* 4.5 Swift 5.9 新特性.md */,
			);
			path = Markdowns;
			sourceTree = "<group>";
		};
		B1B092F92CA4F51B007BC314 /* Resources */ = {
			isa = PBXGroup;
			children = (
				B1AF836B2C9DC9D900374814 /* SearchWebView.js */,
				B1B3236F2CA4682400FA1B9E /* Localizable.strings */,
				B1BB563E2C95698F008484FF /* Assets.xcassets */,
			);
			path = Resources;
			sourceTree = "<group>";
		};
		B1BB562E2C95698D008484FF = {
			isa = PBXGroup;
			children = (
				B1B092FA2CA520A4007BC314 /* README.md */,
				B1BB56392C95698D008484FF /* SwiftUIDev */,
				B1BB56382C95698D008484FF /* Products */,
			);
			sourceTree = "<group>";
		};
		B1BB56382C95698D008484FF /* Products */ = {
			isa = PBXGroup;
			children = (
				B1BB56372C95698D008484FF /* SwiftUIDev.app */,
			);
			name = Products;
			sourceTree = "<group>";
		};
		B1BB56392C95698D008484FF /* SwiftUIDev */ = {
			isa = PBXGroup;
			children = (
				B19966F42C971A3400965D41 /* AppInfo.md */,
				B19966F52C971A3400965D41 /* README_origin.md */,
				B19966F62C971A3400965D41 /* ReleaseNotes.md */,
				B19966692C9719B700965D41 /* Markdowns */,
				B19965C82C96D68900965D41 /* SampleCode */,
				B1BB563A2C95698D008484FF /* SwiftUIDevApp.swift */,
				B18C05E32C9ACE9400882E44 /* Datas.swift */,
				B1BB563C2C95698D008484FF /* ContentView.swift */,
				B1BB56512C958B18008484FF /* HomeView.swift */,
				B19965C92C96D7C300965D41 /* SamplesView.swift */,
				B18D3BD92C9D5BCE00FEED8C /* SearchView.swift */,
				B1BB56532C958B27008484FF /* SettingsView.swift */,
				B19965CD2C96E59700965D41 /* SampleView.swift */,
				B1BB56552C95A937008484FF /* ArticleView.swift */,
				B170B1C12C9973A000EF55AF /* MarkdownUI2.swift */,
				B1BB56482C957B6E008484FF /* WebView.swift */,
				B1BB564F2C957DA7008484FF /* SFSafariViewWrapper.swift */,
				B1B092F92CA4F51B007BC314 /* Resources */,
				B1BB56402C95698F008484FF /* Preview Content */,
				B19966FA2C971AA500965D41 /* Code.bundle */,
			);
			path = SwiftUIDev;
			sourceTree = "<group>";
		};
		B1BB56402C95698F008484FF /* Preview Content */ = {
			isa = PBXGroup;
			children = (
				B1BB56412C95698F008484FF /* Preview Assets.xcassets */,
			);
			path = "Preview Content";
			sourceTree = "<group>";
		};
/* End PBXGroup section */

/* Begin PBXNativeTarget section */
		B1BB56362C95698D008484FF /* SwiftUIDev */ = {
			isa = PBXNativeTarget;
			buildConfigurationList = B1BB56452C95698F008484FF /* Build configuration list for PBXNativeTarget "SwiftUIDev" */;
			buildPhases = (
				B1BB56332C95698D008484FF /* Sources */,
				B1BB56342C95698D008484FF /* Frameworks */,
				B1BB56352C95698D008484FF /* Resources */,
			);
			buildRules = (
			);
			dependencies = (
			);
			name = SwiftUIDev;
			packageProductDependencies = (
				B1B323692CA465C200FA1B9E /* MarkdownView */,
			);
			productName = SwiftUIDev;
			productReference = B1BB56372C95698D008484FF /* SwiftUIDev.app */;
			productType = "com.apple.product-type.application";
		};
/* End PBXNativeTarget section */

/* Begin PBXProject section */
		B1BB562F2C95698D008484FF /* Project object */ = {
			isa = PBXProject;
			attributes = {
				BuildIndependentTargetsInParallel = 1;
				LastSwiftUpdateCheck = 1420;
				LastUpgradeCheck = 1420;
				TargetAttributes = {
					B1BB56362C95698D008484FF = {
						CreatedOnToolsVersion = 14.2;
					};
				};
			};
			buildConfigurationList = B1BB56322C95698D008484FF /* Build configuration list for PBXProject "SwiftUIDev" */;
			compatibilityVersion = "Xcode 14.0";
			developmentRegion = en;
			hasScannedForEncodings = 0;
			knownRegions = (
				en,
				Base,
				"zh-Hans",
			);
			mainGroup = B1BB562E2C95698D008484FF;
			packageReferences = (
				B1B323682CA465C200FA1B9E /* XCRemoteSwiftPackageReference "MarkdownView" */,
			);
			productRefGroup = B1BB56382C95698D008484FF /* Products */;
			projectDirPath = "";
			projectRoot = "";
			targets = (
				B1BB56362C95698D008484FF /* SwiftUIDev */,
			);
		};
/* End PBXProject section */

/* Begin PBXResourcesBuildPhase section */
		B1BB56352C95698D008484FF /* Resources */ = {
			isa = PBXResourcesBuildPhase;
			buildActionMask = 2147483647;
			files = (
				B1944C6F2C9BF1F500A37A05 /* drop_first_2.png in Resources */,
				B1944C702C9BF1F500A37A05 /* scene_3.png in Resources */,
				B1944C6C2C9BF1F500A37A05 /* multiplatfom_app_3.png in Resources */,
				B19966C72C9719FA00965D41 /* 1.3.3 布局的调整.md in Resources */,
				B19966F32C9719FA00965D41 /* 2.4.2 @globalActor、@MainActor 的使用.md in Resources */,
				B19966D62C9719FA00965D41 /* 1.3.5 滑动视图（ScrollView）.md in Resources */,
				B1944C542C9BF1F500A37A05 /* connectablePublisher_2.png in Resources */,
				B1944C632C9BF1F500A37A05 /* map.png in Resources */,
				B19966DF2C9719FA00965D41 /* 2.3.1 异步序列.md in Resources */,
				B19966D52C9719FA00965D41 /* 1.2.4.2 控件-链接.md in Resources */,
				B19966BC2C9719FA00965D41 /* 1.2.2 图片.md in Resources */,
				B1B3236D2CA4682400FA1B9E /* Localizable.strings in Resources */,
				B19966B02C9719FA00965D41 /* 1.3.2 堆叠（Stacks）.md in Resources */,
				B1944C6A2C9BF1F500A37A05 /* reduce.png in Resources */,
				B19966E12C9719FA00965D41 /* 3.4.1 Operators 使用手册（一）.md in Resources */,
				B1BB56422C95698F008484FF /* Preview Assets.xcassets in Resources */,
				B1944C682C9BF1F500A37A05 /* scene_2.png in Resources */,
				B19966C22C9719FA00965D41 /* 4.4 Swift 5.8 新特性.md in Resources */,
				B19966FB2C971AA500965D41 /* Code.bundle in Resources */,
				B19966D32C9719FA00965D41 /* 1.1.4 SwiftUI 视图管理机制.md in Resources */,
				B1944C6D2C9BF1F500A37A05 /* async_await.png in Resources */,
				B19966EE2C9719FA00965D41 /* 4.2 Swift 中的不透明类型和存在类型.md in Resources */,
				B19966DC2C9719FA00965D41 /* 1.2.4.3 控件-选择器.md in Resources */,
				B19966CE2C9719FA00965D41 /* 1.3.11 SwiftUI 布局总结.md in Resources */,
				B19966E22C9719FA00965D41 /* 1.1.3.4 工具栏（Toolbars）.md in Resources */,
				B19966E92C9719FA00965D41 /* 1.3.4 格子（Grids）.md in Resources */,
				B1944C602C9BF1F500A37A05 /* refactor_to_async.png in Resources */,
				B1944C572C9BF1F500A37A05 /* remove_duplicates.png in Resources */,
				B1944C642C9BF1F500A37A05 /* drop_until_output_from.png in Resources */,
				B19966DD2C9719FA00965D41 /* 1.5.3 自定义手势.md in Resources */,
				B1944C552C9BF1F500A37A05 /* concurrency_diff.png in Resources */,
				B1BB563F2C95698F008484FF /* Assets.xcassets in Resources */,
				B19966E62C9719FA00965D41 /* 1.3.8 共享布局信息.md in Resources */,
				B19966D12C9719FA00965D41 /* 1.1.3.1 导航之 NavigationStack.md in Resources */,
				B19966C42C9719FA00965D41 /* 1.2.8 使用 UIKit、AppKit.md in Resources */,
				B1944C662C9BF1F500A37A05 /* merge.png in Resources */,
				B1B092FC2CA52C5D007BC314 /* app_launch_screen.png in Resources */,
				B19966DA2C9719FA00965D41 /* 1.1.2 生命周期的演变.md in Resources */,
				B19966BE2C9719FA00965D41 /* 1.3.1 SwiftUI 布局思想简介.md in Resources */,
				B19966F22C9719FA00965D41 /* 1.3.2.1 视图组.md in Resources */,
				B19966BB2C9719FA00965D41 /* 3.2.1 Publisher 的基本使用（一）.md in Resources */,
				B1944C5F2C9BF1F500A37A05 /* contains.png in Resources */,
				B19966B42C9719FA00965D41 /* 1.4.6 动画原理.md in Resources */,
				B19966E42C9719FA00965D41 /* 1.3.9 自定义布局（Layout）.md in Resources */,
				B1944C652C9BF1F500A37A05 /* first.png in Resources */,
				B19966C32C9719FA00965D41 /* 4.5 Swift 5.9 新特性.md in Resources */,
				B19966BF2C9719FA00965D41 /* 1.2.4.4 控件-指示器.md in Resources */,
				B19966E02C9719FA00965D41 /* 1.1.3.3 模态（Modal）.md in Resources */,
				B1944C582C9BF1F500A37A05 /* debounce.png in Resources */,
				B19966C62C9719FA00965D41 /* 2.2.1 任务.md in Resources */,
				B19966E52C9719FA00965D41 /* 3.3.1 Subscriber 的详细介绍.md in Resources */,
				B19966D02C9719FA00965D41 /* 3.1.1 Combine 概览.md in Resources */,
				B19966BD2C9719FA00965D41 /* 1.4.7 动画的进阶使用.md in Resources */,
				B19966D82C9719FA00965D41 /* 3.2.3 特殊的 Publisher：Subject.md in Resources */,
				B1944C5E2C9BF1F500A37A05 /* async_let.png in Resources */,
				B19966B32C9719FA00965D41 /* 1.4.1 形状（Shapes）的使用.md in Resources */,
				B19966CD2C9719FA00965D41 /* 2.3.2 异步流.md in Resources */,
				B1944C692C9BF1F500A37A05 /* throttle.png in Resources */,
				B19966B72C9719FA00965D41 /* 1.1.3 SwiftUI 中的场景.md in Resources */,
				B19966F02C9719FA00965D41 /* 3.4.2 Operators 使用手册（二）.md in Resources */,
				B1AF836C2C9DC9D900374814 /* SearchWebView.js in Resources */,
				B1944C6E2C9BF1F500A37A05 /* max.png in Resources */,
				B19966B92C9719FA00965D41 /* 3.3.2 内建 Subscriber 的使用.md in Resources */,
				B19966CA2C9719FA00965D41 /* 1.2.1.1 文本-Text.md in Resources */,
				B19966EF2C9719FA00965D41 /* 1.4.3 图表（Charts）.md in Resources */,
				B19966AF2C9719FA00965D41 /* 1.3.6 列表（List）.md in Resources */,
				B1944C4F2C9BF1F500A37A05 /* drop_first.png in Resources */,
				B19966ED2C9719FA00965D41 /* 2.2.2 任务组.md in Resources */,
				B19966DB2C9719FA00965D41 /* 4.3 Swift 中的 Result builders.md in Resources */,
				B1944C5C2C9BF1F500A37A05 /* try_map.png in Resources */,
				B1944C5B2C9BF1F500A37A05 /* replace_nil.png in Resources */,
				B19966E32C9719FA00965D41 /* 1.1.5 SwiftUI 中的属性包装器.md in Resources */,
				B19966F72C971A3400965D41 /* AppInfo.md in Resources */,
				B19966EC2C9719FA00965D41 /* 2.1.2 async、await 的使用.md in Resources */,
				B19966D42C9719FA00965D41 /* 1.2.1.3 文本-输入.md in Resources */,
				B19966B82C9719FA00965D41 /* 2.2.3 小结.md in Resources */,
				B1944C6B2C9BF1F500A37A05 /* zip.png in Resources */,
				B19966EB2C9719FA00965D41 /* 1.4.2 图形的绘制.md in Resources */,
				B19966B12C9719FA00965D41 /* 2.1.1 Swift 并发新体验.md in Resources */,
				B1944C612C9BF1F500A37A05 /* scene_1.png in Resources */,
				B1944C672C9BF1F500A37A05 /* actor.png in Resources */,
				B1944C5A2C9BF1F500A37A05 /* count.png in Resources */,
				B19966C92C9719FA00965D41 /* 1.1.3.2 导航之 NavigationSplitView.md in Resources */,
				B19966D72C9719FA00965D41 /* 2.4.1 actor 的使用.md in Resources */,
				B1944C522C9BF1F500A37A05 /* inspector_placement.png in Resources */,
				B19966B22C9719FA00965D41 /* 1.1.3.0 TabView 的使用.md in Resources */,
				B19966E72C9719FA00965D41 /* 1.5.2 手势的管理.md in Resources */,
				B19966CB2C9719FA00965D41 /* 1.4.5 转场动画.md in Resources */,
				B1944C4E2C9BF1F500A37A05 /* multiplatfom_app_1.png in Resources */,
				B19966C52C9719FA00965D41 /* 2.1.3 SwiftUI 中常见的异步 API.md in Resources */,
				B19966F82C971A3400965D41 /* README_origin.md in Resources */,
				B19966C82C9719FA00965D41 /* 3.4.3 Operators 使用手册（三）.md in Resources */,
				B1944C4D2C9BF1F500A37A05 /* sf_symbols_1.png in Resources */,
				B19966C12C9719FA00965D41 /* 1.5.1 常见手势.md in Resources */,
				B19966B62C9719FA00965D41 /* 1.2.6 视图生命周期方法.md in Resources */,
				B1944C622C9BF1F500A37A05 /* macro-roles.png in Resources */,
				B19966F92C971A3400965D41 /* ReleaseNotes.md in Resources */,
				B1944C502C9BF1F500A37A05 /* combine_latest.png in Resources */,
				B19966F12C9719FA00965D41 /* 1.2.4.1 控件-按钮.md in Resources */,
				B19966D22C9719FA00965D41 /* 1.2.1.2 文本-Label.md in Resources */,
				B19966CF2C9719FA00965D41 /* 1.2.4.5 控件-样式.md in Resources */,
				B19966C02C9719FA00965D41 /* 4.1 Swift 5.7 新特性.md in Resources */,
				B19966BA2C9719FA00965D41 /* 1.4.4 基础动画.md in Resources */,
				B1944C512C9BF1F500A37A05 /* subscribe.png in Resources */,
				B1944C592C9BF1F500A37A05 /* stacks_1.png in Resources */,
				B1944C562C9BF1F500A37A05 /* publisher_subscriber.png in Resources */,
				B19966B52C9719FA00965D41 /* 1.1.1 App 入口与配置.md in Resources */,
				B1944C5D2C9BF1F500A37A05 /* multiplatfom_app_2.png in Resources */,
				B1944C532C9BF1F500A37A05 /* connectablePublisher_1.png in Resources */,
				B19966CC2C9719FA00965D41 /* 1.2.3 视图样式与行为.md in Resources */,
				B19966E82C9719FA00965D41 /* 1.2.5 菜单与命令.md in Resources */,
				B19966EA2C9719FA00965D41 /* 1.3.7 表格（Table）.md in Resources */,
				B19966D92C9719FA00965D41 /* 1.2.7 自定义视图.md in Resources */,
				B19966DE2C9719FA00965D41 /* 3.2.2 Publisher 的基本使用（二）.md in Resources */,
			);
			runOnlyForDeploymentPostprocessing = 0;
		};
/* End PBXResourcesBuildPhase section */

/* Begin PBXSourcesBuildPhase section */
		B1BB56332C95698D008484FF /* Sources */ = {
			isa = PBXSourcesBuildPhase;
			buildActionMask = 2147483647;
			files = (
				B18C05E42C9ACE9400882E44 /* Datas.swift in Sources */,
				B1BB56542C958B27008484FF /* SettingsView.swift in Sources */,
				B1BB56492C957B6E008484FF /* WebView.swift in Sources */,
				B19965CA2C96D7C300965D41 /* SamplesView.swift in Sources */,
				B1D12E942C9D460B00465179 /* SampleLabel.swift in Sources */,
				B1BB563D2C95698D008484FF /* ContentView.swift in Sources */,
				B19965CE2C96E59700965D41 /* SampleView.swift in Sources */,
				B1BB56562C95A937008484FF /* ArticleView.swift in Sources */,
				B1BB563B2C95698D008484FF /* SwiftUIDevApp.swift in Sources */,
				B170B1C22C9973A000EF55AF /* MarkdownUI2.swift in Sources */,
				B1BB56522C958B18008484FF /* HomeView.swift in Sources */,
				B1F94C392CA015E2001D5581 /* SampleTintColor.swift in Sources */,
				B18D3BDA2C9D5BCE00FEED8C /* SearchView.swift in Sources */,
				B1BB56502C957DA7008484FF /* SFSafariViewWrapper.swift in Sources */,
				B199664D2C97157200965D41 /* SampleText.swift in Sources */,
			);
			runOnlyForDeploymentPostprocessing = 0;
		};
/* End PBXSourcesBuildPhase section */

/* Begin PBXVariantGroup section */
		B1B3236F2CA4682400FA1B9E /* Localizable.strings */ = {
			isa = PBXVariantGroup;
			children = (
				B1B3236E2CA4682400FA1B9E /* en */,
				B1B323702CA4682700FA1B9E /* zh-Hans */,
			);
			name = Localizable.strings;
			sourceTree = "<group>";
		};
/* End PBXVariantGroup section */

/* Begin XCBuildConfiguration section */
		B1BB56432C95698F008484FF /* Debug */ = {
			isa = XCBuildConfiguration;
			buildSettings = {
				ALWAYS_SEARCH_USER_PATHS = NO;
				CLANG_ANALYZER_NONNULL = YES;
				CLANG_ANALYZER_NUMBER_OBJECT_CONVERSION = YES_AGGRESSIVE;
				CLANG_CXX_LANGUAGE_STANDARD = "gnu++20";
				CLANG_ENABLE_MODULES = YES;
				CLANG_ENABLE_OBJC_ARC = YES;
				CLANG_ENABLE_OBJC_WEAK = YES;
				CLANG_WARN_BLOCK_CAPTURE_AUTORELEASING = YES;
				CLANG_WARN_BOOL_CONVERSION = YES;
				CLANG_WARN_COMMA = YES;
				CLANG_WARN_CONSTANT_CONVERSION = YES;
				CLANG_WARN_DEPRECATED_OBJC_IMPLEMENTATIONS = YES;
				CLANG_WARN_DIRECT_OBJC_ISA_USAGE = YES_ERROR;
				CLANG_WARN_DOCUMENTATION_COMMENTS = YES;
				CLANG_WARN_EMPTY_BODY = YES;
				CLANG_WARN_ENUM_CONVERSION = YES;
				CLANG_WARN_INFINITE_RECURSION = YES;
				CLANG_WARN_INT_CONVERSION = YES;
				CLANG_WARN_NON_LITERAL_NULL_CONVERSION = YES;
				CLANG_WARN_OBJC_IMPLICIT_RETAIN_SELF = YES;
				CLANG_WARN_OBJC_LITERAL_CONVERSION = YES;
				CLANG_WARN_OBJC_ROOT_CLASS = YES_ERROR;
				CLANG_WARN_QUOTED_INCLUDE_IN_FRAMEWORK_HEADER = YES;
				CLANG_WARN_RANGE_LOOP_ANALYSIS = YES;
				CLANG_WARN_STRICT_PROTOTYPES = YES;
				CLANG_WARN_SUSPICIOUS_MOVE = YES;
				CLANG_WARN_UNGUARDED_AVAILABILITY = YES_AGGRESSIVE;
				CLANG_WARN_UNREACHABLE_CODE = YES;
				CLANG_WARN__DUPLICATE_METHOD_MATCH = YES;
				COPY_PHASE_STRIP = NO;
				DEBUG_INFORMATION_FORMAT = dwarf;
				ENABLE_STRICT_OBJC_MSGSEND = YES;
				ENABLE_TESTABILITY = YES;
				GCC_C_LANGUAGE_STANDARD = gnu11;
				GCC_DYNAMIC_NO_PIC = NO;
				GCC_NO_COMMON_BLOCKS = YES;
				GCC_OPTIMIZATION_LEVEL = 0;
				GCC_PREPROCESSOR_DEFINITIONS = (
					"DEBUG=1",
					"$(inherited)",
				);
				GCC_WARN_64_TO_32_BIT_CONVERSION = YES;
				GCC_WARN_ABOUT_RETURN_TYPE = YES_ERROR;
				GCC_WARN_UNDECLARED_SELECTOR = YES;
				GCC_WARN_UNINITIALIZED_AUTOS = YES_AGGRESSIVE;
				GCC_WARN_UNUSED_FUNCTION = YES;
				GCC_WARN_UNUSED_VARIABLE = YES;
				IPHONEOS_DEPLOYMENT_TARGET = 16.0;
				MTL_ENABLE_DEBUG_INFO = INCLUDE_SOURCE;
				MTL_FAST_MATH = YES;
				ONLY_ACTIVE_ARCH = YES;
				SDKROOT = iphoneos;
				SWIFT_ACTIVE_COMPILATION_CONDITIONS = DEBUG;
				SWIFT_OPTIMIZATION_LEVEL = "-Onone";
			};
			name = Debug;
		};
		B1BB56442C95698F008484FF /* Release */ = {
			isa = XCBuildConfiguration;
			buildSettings = {
				ALWAYS_SEARCH_USER_PATHS = NO;
				CLANG_ANALYZER_NONNULL = YES;
				CLANG_ANALYZER_NUMBER_OBJECT_CONVERSION = YES_AGGRESSIVE;
				CLANG_CXX_LANGUAGE_STANDARD = "gnu++20";
				CLANG_ENABLE_MODULES = YES;
				CLANG_ENABLE_OBJC_ARC = YES;
				CLANG_ENABLE_OBJC_WEAK = YES;
				CLANG_WARN_BLOCK_CAPTURE_AUTORELEASING = YES;
				CLANG_WARN_BOOL_CONVERSION = YES;
				CLANG_WARN_COMMA = YES;
				CLANG_WARN_CONSTANT_CONVERSION = YES;
				CLANG_WARN_DEPRECATED_OBJC_IMPLEMENTATIONS = YES;
				CLANG_WARN_DIRECT_OBJC_ISA_USAGE = YES_ERROR;
				CLANG_WARN_DOCUMENTATION_COMMENTS = YES;
				CLANG_WARN_EMPTY_BODY = YES;
				CLANG_WARN_ENUM_CONVERSION = YES;
				CLANG_WARN_INFINITE_RECURSION = YES;
				CLANG_WARN_INT_CONVERSION = YES;
				CLANG_WARN_NON_LITERAL_NULL_CONVERSION = YES;
				CLANG_WARN_OBJC_IMPLICIT_RETAIN_SELF = YES;
				CLANG_WARN_OBJC_LITERAL_CONVERSION = YES;
				CLANG_WARN_OBJC_ROOT_CLASS = YES_ERROR;
				CLANG_WARN_QUOTED_INCLUDE_IN_FRAMEWORK_HEADER = YES;
				CLANG_WARN_RANGE_LOOP_ANALYSIS = YES;
				CLANG_WARN_STRICT_PROTOTYPES = YES;
				CLANG_WARN_SUSPICIOUS_MOVE = YES;
				CLANG_WARN_UNGUARDED_AVAILABILITY = YES_AGGRESSIVE;
				CLANG_WARN_UNREACHABLE_CODE = YES;
				CLANG_WARN__DUPLICATE_METHOD_MATCH = YES;
				COPY_PHASE_STRIP = NO;
				DEBUG_INFORMATION_FORMAT = "dwarf-with-dsym";
				ENABLE_NS_ASSERTIONS = NO;
				ENABLE_STRICT_OBJC_MSGSEND = YES;
				GCC_C_LANGUAGE_STANDARD = gnu11;
				GCC_NO_COMMON_BLOCKS = YES;
				GCC_WARN_64_TO_32_BIT_CONVERSION = YES;
				GCC_WARN_ABOUT_RETURN_TYPE = YES_ERROR;
				GCC_WARN_UNDECLARED_SELECTOR = YES;
				GCC_WARN_UNINITIALIZED_AUTOS = YES_AGGRESSIVE;
				GCC_WARN_UNUSED_FUNCTION = YES;
				GCC_WARN_UNUSED_VARIABLE = YES;
				IPHONEOS_DEPLOYMENT_TARGET = 16.0;
				MTL_ENABLE_DEBUG_INFO = NO;
				MTL_FAST_MATH = YES;
				SDKROOT = iphoneos;
				SWIFT_COMPILATION_MODE = wholemodule;
				SWIFT_OPTIMIZATION_LEVEL = "-O";
				VALIDATE_PRODUCT = YES;
			};
			name = Release;
		};
		B1BB56462C95698F008484FF /* Debug */ = {
			isa = XCBuildConfiguration;
			buildSettings = {
				ASSETCATALOG_COMPILER_APPICON_NAME = AppIcon;
				ASSETCATALOG_COMPILER_GLOBAL_ACCENT_COLOR_NAME = AccentColor;
				CODE_SIGN_STYLE = Automatic;
				CURRENT_PROJECT_VERSION = 1;
				DEVELOPMENT_ASSET_PATHS = "\"SwiftUIDev/Preview Content\"";
				DEVELOPMENT_TEAM = MNK8735NK3;
				ENABLE_PREVIEWS = YES;
				GENERATE_INFOPLIST_FILE = YES;
				INFOPLIST_KEY_UIApplicationSceneManifest_Generation = YES;
				INFOPLIST_KEY_UIApplicationSupportsIndirectInputEvents = YES;
				INFOPLIST_KEY_UILaunchScreen_Generation = YES;
				INFOPLIST_KEY_UISupportedInterfaceOrientations_iPad = "UIInterfaceOrientationPortrait UIInterfaceOrientationPortraitUpsideDown UIInterfaceOrientationLandscapeLeft UIInterfaceOrientationLandscapeRight";
				INFOPLIST_KEY_UISupportedInterfaceOrientations_iPhone = "UIInterfaceOrientationPortrait UIInterfaceOrientationLandscapeLeft UIInterfaceOrientationLandscapeRight";
				LD_RUNPATH_SEARCH_PATHS = (
					"$(inherited)",
					"@executable_path/Frameworks",
				);
				MARKETING_VERSION = 1.0;
				PRODUCT_BUNDLE_IDENTIFIER = com.lion.SwiftUIDev;
				PRODUCT_NAME = "$(TARGET_NAME)";
				SWIFT_EMIT_LOC_STRINGS = YES;
				SWIFT_VERSION = 5.0;
				TARGETED_DEVICE_FAMILY = "1,2";
			};
			name = Debug;
		};
		B1BB56472C95698F008484FF /* Release */ = {
			isa = XCBuildConfiguration;
			buildSettings = {
				ASSETCATALOG_COMPILER_APPICON_NAME = AppIcon;
				ASSETCATALOG_COMPILER_GLOBAL_ACCENT_COLOR_NAME = AccentColor;
				CODE_SIGN_STYLE = Automatic;
				CURRENT_PROJECT_VERSION = 1;
				DEVELOPMENT_ASSET_PATHS = "\"SwiftUIDev/Preview Content\"";
				DEVELOPMENT_TEAM = MNK8735NK3;
				ENABLE_PREVIEWS = YES;
				GENERATE_INFOPLIST_FILE = YES;
				INFOPLIST_KEY_UIApplicationSceneManifest_Generation = YES;
				INFOPLIST_KEY_UIApplicationSupportsIndirectInputEvents = YES;
				INFOPLIST_KEY_UILaunchScreen_Generation = YES;
				INFOPLIST_KEY_UISupportedInterfaceOrientations_iPad = "UIInterfaceOrientationPortrait UIInterfaceOrientationPortraitUpsideDown UIInterfaceOrientationLandscapeLeft UIInterfaceOrientationLandscapeRight";
				INFOPLIST_KEY_UISupportedInterfaceOrientations_iPhone = "UIInterfaceOrientationPortrait UIInterfaceOrientationLandscapeLeft UIInterfaceOrientationLandscapeRight";
				LD_RUNPATH_SEARCH_PATHS = (
					"$(inherited)",
					"@executable_path/Frameworks",
				);
				MARKETING_VERSION = 1.0;
				PRODUCT_BUNDLE_IDENTIFIER = com.lion.SwiftUIDev;
				PRODUCT_NAME = "$(TARGET_NAME)";
				SWIFT_EMIT_LOC_STRINGS = YES;
				SWIFT_VERSION = 5.0;
				TARGETED_DEVICE_FAMILY = "1,2";
			};
			name = Release;
		};
/* End XCBuildConfiguration section */

/* Begin XCConfigurationList section */
		B1BB56322C95698D008484FF /* Build configuration list for PBXProject "SwiftUIDev" */ = {
			isa = XCConfigurationList;
			buildConfigurations = (
				B1BB56432C95698F008484FF /* Debug */,
				B1BB56442C95698F008484FF /* Release */,
			);
			defaultConfigurationIsVisible = 0;
			defaultConfigurationName = Release;
		};
		B1BB56452C95698F008484FF /* Build configuration list for PBXNativeTarget "SwiftUIDev" */ = {
			isa = XCConfigurationList;
			buildConfigurations = (
				B1BB56462C95698F008484FF /* Debug */,
				B1BB56472C95698F008484FF /* Release */,
			);
			defaultConfigurationIsVisible = 0;
			defaultConfigurationName = Release;
		};
/* End XCConfigurationList section */

/* Begin XCRemoteSwiftPackageReference section */
		B1B323682CA465C200FA1B9E /* XCRemoteSwiftPackageReference "MarkdownView" */ = {
			isa = XCRemoteSwiftPackageReference;
			repositoryURL = "https://github.com/Mamong/MarkdownView";
			requirement = {
				branch = master;
				kind = branch;
			};
		};
/* End XCRemoteSwiftPackageReference section */

/* Begin XCSwiftPackageProductDependency section */
		B1B323692CA465C200FA1B9E /* MarkdownView */ = {
			isa = XCSwiftPackageProductDependency;
			package = B1B323682CA465C200FA1B9E /* XCRemoteSwiftPackageReference "MarkdownView" */;
			productName = MarkdownView;
		};
/* End XCSwiftPackageProductDependency section */
	};
	rootObject = B1BB562F2C95698D008484FF /* Project object */;
}
